// !$*UTF8*$!
{
	archiveVersion = 1;
	classes = {
	};
	objectVersion = 51;
	objects = {

/* Begin PBXBuildFile section */
		163472EC22E6B8A9FD7BCCC9 /* Pods_TFInvest.framework in Frameworks */ = {isa = PBXBuildFile; fileRef = 169990AB1F566B9FD1B4F591 /* Pods_TFInvest.framework */; };
		7470CC3624030F4E00A91746 /* AppDelegate.swift in Sources */ = {isa = PBXBuildFile; fileRef = 7470CC3524030F4E00A91746 /* AppDelegate.swift */; };
		7470CC3824030F4E00A91746 /* SceneDelegate.swift in Sources */ = {isa = PBXBuildFile; fileRef = 7470CC3724030F4E00A91746 /* SceneDelegate.swift */; };
		7470CC3A24030F4E00A91746 /* MainView.swift in Sources */ = {isa = PBXBuildFile; fileRef = 7470CC3924030F4E00A91746 /* MainView.swift */; };
		7470CC3D24030F4E00A91746 /* Main.storyboard in Resources */ = {isa = PBXBuildFile; fileRef = 7470CC3B24030F4E00A91746 /* Main.storyboard */; };
		7470CC3F24030F4F00A91746 /* Assets.xcassets in Resources */ = {isa = PBXBuildFile; fileRef = 7470CC3E24030F4F00A91746 /* Assets.xcassets */; };
		7470CC4224030F4F00A91746 /* LaunchScreen.storyboard in Resources */ = {isa = PBXBuildFile; fileRef = 7470CC4024030F4F00A91746 /* LaunchScreen.storyboard */; };
		74B3EB68240D86C4000A1B53 /* R.generated.swift in Sources */ = {isa = PBXBuildFile; fileRef = 74B3EB67240D86C4000A1B53 /* R.generated.swift */; };
/* End PBXBuildFile section */

/* Begin PBXFileReference section */
		169990AB1F566B9FD1B4F591 /* Pods_TFInvest.framework */ = {isa = PBXFileReference; explicitFileType = wrapper.framework; includeInIndex = 0; path = Pods_TFInvest.framework; sourceTree = BUILT_PRODUCTS_DIR; };
		7470CC3224030F4E00A91746 /* TFInvest.app */ = {isa = PBXFileReference; explicitFileType = wrapper.application; includeInIndex = 0; path = TFInvest.app; sourceTree = BUILT_PRODUCTS_DIR; };
		7470CC3524030F4E00A91746 /* AppDelegate.swift */ = {isa = PBXFileReference; lastKnownFileType = sourcecode.swift; path = AppDelegate.swift; sourceTree = "<group>"; };
		7470CC3724030F4E00A91746 /* SceneDelegate.swift */ = {isa = PBXFileReference; lastKnownFileType = sourcecode.swift; path = SceneDelegate.swift; sourceTree = "<group>"; };
		7470CC3924030F4E00A91746 /* MainView.swift */ = {isa = PBXFileReference; lastKnownFileType = sourcecode.swift; path = MainView.swift; sourceTree = "<group>"; };
		7470CC3C24030F4E00A91746 /* Base */ = {isa = PBXFileReference; lastKnownFileType = file.storyboard; name = Base; path = Base.lproj/Main.storyboard; sourceTree = "<group>"; };
		7470CC3E24030F4F00A91746 /* Assets.xcassets */ = {isa = PBXFileReference; lastKnownFileType = folder.assetcatalog; path = Assets.xcassets; sourceTree = "<group>"; };
		7470CC4124030F4F00A91746 /* Base */ = {isa = PBXFileReference; lastKnownFileType = file.storyboard; name = Base; path = Base.lproj/LaunchScreen.storyboard; sourceTree = "<group>"; };
		7470CC4324030F4F00A91746 /* Info.plist */ = {isa = PBXFileReference; lastKnownFileType = text.plist.xml; path = Info.plist; sourceTree = "<group>"; };
		74B3EB67240D86C4000A1B53 /* R.generated.swift */ = {isa = PBXFileReference; fileEncoding = 4; lastKnownFileType = sourcecode.swift; path = R.generated.swift; sourceTree = "<group>"; };
		7C8184AD9BC46E9D617937E3 /* Pods-TFInvest.release.xcconfig */ = {isa = PBXFileReference; includeInIndex = 1; lastKnownFileType = text.xcconfig; name = "Pods-TFInvest.release.xcconfig"; path = "Target Support Files/Pods-TFInvest/Pods-TFInvest.release.xcconfig"; sourceTree = "<group>"; };
		B1E03ED6E19C417A73567EB4 /* Pods-TFInvest.debug.xcconfig */ = {isa = PBXFileReference; includeInIndex = 1; lastKnownFileType = text.xcconfig; name = "Pods-TFInvest.debug.xcconfig"; path = "Target Support Files/Pods-TFInvest/Pods-TFInvest.debug.xcconfig"; sourceTree = "<group>"; };
/* End PBXFileReference section */

/* Begin PBXFrameworksBuildPhase section */
		7470CC2F24030F4E00A91746 /* Frameworks */ = {
			isa = PBXFrameworksBuildPhase;
			buildActionMask = 2147483647;
			files = (
				163472EC22E6B8A9FD7BCCC9 /* Pods_TFInvest.framework in Frameworks */,
			);
			runOnlyForDeploymentPostprocessing = 0;
		};
/* End PBXFrameworksBuildPhase section */

/* Begin PBXGroup section */
		1EA3F9AE39CCDA0D6246226B /* Pods */ = {
			isa = PBXGroup;
			children = (
				B1E03ED6E19C417A73567EB4 /* Pods-TFInvest.debug.xcconfig */,
				7C8184AD9BC46E9D617937E3 /* Pods-TFInvest.release.xcconfig */,
			);
			path = Pods;
			sourceTree = "<group>";
		};
		245960C63A9BA537E5E7D7E3 /* Frameworks */ = {
			isa = PBXGroup;
			children = (
				169990AB1F566B9FD1B4F591 /* Pods_TFInvest.framework */,
			);
			name = Frameworks;
			sourceTree = "<group>";
		};
		7470CC2924030F4E00A91746 = {
			isa = PBXGroup;
			children = (
				7470CC3424030F4E00A91746 /* TFInvest */,
				7470CC3324030F4E00A91746 /* Products */,
				1EA3F9AE39CCDA0D6246226B /* Pods */,
				245960C63A9BA537E5E7D7E3 /* Frameworks */,
			);
			sourceTree = "<group>";
		};
		7470CC3324030F4E00A91746 /* Products */ = {
			isa = PBXGroup;
			children = (
				7470CC3224030F4E00A91746 /* TFInvest.app */,
			);
			name = Products;
			sourceTree = "<group>";
		};
		7470CC3424030F4E00A91746 /* TFInvest */ = {
			isa = PBXGroup;
			children = (
				7470CC4F2403138D00A91746 /* Supporting Files */,
				7470CC4E2403136E00A91746 /* Resources */,
				7470CC4D2403132800A91746 /* Startup */,
				7470CC4324030F4F00A91746 /* Info.plist */,
				74B3EB67240D86C4000A1B53 /* R.generated.swift */,
				7470CC3924030F4E00A91746 /* MainView.swift */,
			);
			path = TFInvest;
			sourceTree = "<group>";
		};
		7470CC4D2403132800A91746 /* Startup */ = {
			isa = PBXGroup;
			children = (
				7470CC3724030F4E00A91746 /* SceneDelegate.swift */,
				7470CC3524030F4E00A91746 /* AppDelegate.swift */,
			);
			path = Startup;
			sourceTree = "<group>";
		};
		7470CC4E2403136E00A91746 /* Resources */ = {
			isa = PBXGroup;
			children = (
				7470CC3E24030F4F00A91746 /* Assets.xcassets */,
			);
			path = Resources;
			sourceTree = "<group>";
		};
		7470CC4F2403138D00A91746 /* Supporting Files */ = {
			isa = PBXGroup;
			children = (
				7470CC3B24030F4E00A91746 /* Main.storyboard */,
				7470CC4024030F4F00A91746 /* LaunchScreen.storyboard */,
			);
			path = "Supporting Files";
			sourceTree = "<group>";
		};
/* End PBXGroup section */

/* Begin PBXNativeTarget section */
		7470CC3124030F4E00A91746 /* TFInvest */ = {
			isa = PBXNativeTarget;
			buildConfigurationList = 7470CC4624030F4F00A91746 /* Build configuration list for PBXNativeTarget "TFInvest" */;
			buildPhases = (
				8D358F11DCDF7CBD540C85FC /* [CP] Check Pods Manifest.lock */,
				7470CC4A2403113200A91746 /* R.Swift */,
				7470CC2E24030F4E00A91746 /* Sources */,
				7470CC2F24030F4E00A91746 /* Frameworks */,
				7470CC3024030F4E00A91746 /* Resources */,
				20BF838DDA817CF22CB39876 /* [CP] Embed Pods Frameworks */,
				7470CC49240310A600A91746 /* SwiftLint */,
			);
			buildRules = (
			);
			dependencies = (
			);
			name = TFInvest;
			productName = TFInvest;
			productReference = 7470CC3224030F4E00A91746 /* TFInvest.app */;
			productType = "com.apple.product-type.application";
		};
/* End PBXNativeTarget section */

/* Begin PBXProject section */
		7470CC2A24030F4E00A91746 /* Project object */ = {
			isa = PBXProject;
			attributes = {
				LastSwiftUpdateCheck = 1130;
				LastUpgradeCheck = 1130;
				ORGANIZATIONNAME = "Mikhail Borisov";
				TargetAttributes = {
					7470CC3124030F4E00A91746 = {
						CreatedOnToolsVersion = 11.3;
					};
				};
			};
			buildConfigurationList = 7470CC2D24030F4E00A91746 /* Build configuration list for PBXProject "TFInvest" */;
			compatibilityVersion = "Xcode 9.3";
			developmentRegion = en;
			hasScannedForEncodings = 0;
			knownRegions = (
				en,
				Base,
			);
			mainGroup = 7470CC2924030F4E00A91746;
			productRefGroup = 7470CC3324030F4E00A91746 /* Products */;
			projectDirPath = "";
			projectRoot = "";
			targets = (
				7470CC3124030F4E00A91746 /* TFInvest */,
			);
		};
/* End PBXProject section */

/* Begin PBXResourcesBuildPhase section */
		7470CC3024030F4E00A91746 /* Resources */ = {
			isa = PBXResourcesBuildPhase;
			buildActionMask = 2147483647;
			files = (
				7470CC4224030F4F00A91746 /* LaunchScreen.storyboard in Resources */,
				7470CC3F24030F4F00A91746 /* Assets.xcassets in Resources */,
				7470CC3D24030F4E00A91746 /* Main.storyboard in Resources */,
			);
			runOnlyForDeploymentPostprocessing = 0;
		};
/* End PBXResourcesBuildPhase section */

/* Begin PBXShellScriptBuildPhase section */
		20BF838DDA817CF22CB39876 /* [CP] Embed Pods Frameworks */ = {
			isa = PBXShellScriptBuildPhase;
			buildActionMask = 2147483647;
			files = (
			);
			inputFileListPaths = (
				"${PODS_ROOT}/Target Support Files/Pods-TFInvest/Pods-TFInvest-frameworks-${CONFIGURATION}-input-files.xcfilelist",
			);
			name = "[CP] Embed Pods Frameworks";
			outputFileListPaths = (
				"${PODS_ROOT}/Target Support Files/Pods-TFInvest/Pods-TFInvest-frameworks-${CONFIGURATION}-output-files.xcfilelist",
			);
			runOnlyForDeploymentPostprocessing = 0;
			shellPath = /bin/sh;
			shellScript = "\"${PODS_ROOT}/Target Support Files/Pods-TFInvest/Pods-TFInvest-frameworks.sh\"\n";
			showEnvVarsInLog = 0;
		};
		7470CC49240310A600A91746 /* SwiftLint */ = {
			isa = PBXShellScriptBuildPhase;
			buildActionMask = 2147483647;
			files = (
			);
			inputFileListPaths = (
			);
			inputPaths = (
			);
			name = SwiftLint;
			outputFileListPaths = (
			);
			outputPaths = (
			);
			runOnlyForDeploymentPostprocessing = 0;
			shellPath = /bin/sh;
			shellScript = "\"${PODS_ROOT}/SwiftLint/swiftlint\"\n";
		};
		7470CC4A2403113200A91746 /* R.Swift */ = {
			isa = PBXShellScriptBuildPhase;
			buildActionMask = 2147483647;
			files = (
			);
			inputFileListPaths = (
			);
			inputPaths = (
				"$TEMP_DIR/rswift-lastrun",
			);
			name = R.Swift;
			outputFileListPaths = (
			);
			outputPaths = (
				"$SRCROOT/TFInvest/R.generated.swift",
			);
			runOnlyForDeploymentPostprocessing = 0;
			shellPath = /bin/sh;
			shellScript = "\"$PODS_ROOT/R.swift/rswift\" generate \"$SRCROOT/TFInvest/R.generated.swift\"\n";
		};
		8D358F11DCDF7CBD540C85FC /* [CP] Check Pods Manifest.lock */ = {
			isa = PBXShellScriptBuildPhase;
			buildActionMask = 2147483647;
			files = (
			);
			inputFileListPaths = (
			);
			inputPaths = (
				"${PODS_PODFILE_DIR_PATH}/Podfile.lock",
				"${PODS_ROOT}/Manifest.lock",
			);
			name = "[CP] Check Pods Manifest.lock";
			outputFileListPaths = (
			);
			outputPaths = (
				"$(DERIVED_FILE_DIR)/Pods-TFInvest-checkManifestLockResult.txt",
			);
			runOnlyForDeploymentPostprocessing = 0;
			shellPath = /bin/sh;
			shellScript = "diff \"${PODS_PODFILE_DIR_PATH}/Podfile.lock\" \"${PODS_ROOT}/Manifest.lock\" > /dev/null\nif [ $? != 0 ] ; then\n    # print error to STDERR\n    echo \"error: The sandbox is not in sync with the Podfile.lock. Run 'pod install' or update your CocoaPods installation.\" >&2\n    exit 1\nfi\n# This output is used by Xcode 'outputs' to avoid re-running this script phase.\necho \"SUCCESS\" > \"${SCRIPT_OUTPUT_FILE_0}\"\n";
			showEnvVarsInLog = 0;
		};
/* End PBXShellScriptBuildPhase section */

/* Begin PBXSourcesBuildPhase section */
		7470CC2E24030F4E00A91746 /* Sources */ = {
			isa = PBXSourcesBuildPhase;
			buildActionMask = 2147483647;
			files = (
				7470CC3A24030F4E00A91746 /* MainView.swift in Sources */,
				7470CC3624030F4E00A91746 /* AppDelegate.swift in Sources */,
				7470CC3824030F4E00A91746 /* SceneDelegate.swift in Sources */,
				74B3EB68240D86C4000A1B53 /* R.generated.swift in Sources */,
			);
			runOnlyForDeploymentPostprocessing = 0;
		};
/* End PBXSourcesBuildPhase section */

/* Begin PBXVariantGroup section */
		7470CC3B24030F4E00A91746 /* Main.storyboard */ = {
			isa = PBXVariantGroup;
			children = (
				7470CC3C24030F4E00A91746 /* Base */,
			);
			name = Main.storyboard;
			sourceTree = "<group>";
		};
		7470CC4024030F4F00A91746 /* LaunchScreen.storyboard */ = {
			isa = PBXVariantGroup;
			children = (
				7470CC4124030F4F00A91746 /* Base */,
			);
			name = LaunchScreen.storyboard;
			sourceTree = "<group>";
		};
/* End PBXVariantGroup section */

/* Begin XCBuildConfiguration section */
		7470CC4424030F4F00A91746 /* Debug */ = {
			isa = XCBuildConfiguration;
			buildSettings = {
				ALWAYS_SEARCH_USER_PATHS = NO;
				CLANG_ANALYZER_NONNULL = YES;
				CLANG_ANALYZER_NUMBER_OBJECT_CONVERSION = YES_AGGRESSIVE;
				CLANG_CXX_LANGUAGE_STANDARD = "gnu++14";
				CLANG_CXX_LIBRARY = "libc++";
				CLANG_ENABLE_MODULES = YES;
				CLANG_ENABLE_OBJC_ARC = YES;
				CLANG_ENABLE_OBJC_WEAK = YES;
				CLANG_WARN_BLOCK_CAPTURE_AUTORELEASING = YES;
				CLANG_WARN_BOOL_CONVERSION = YES;
				CLANG_WARN_COMMA = YES;
				CLANG_WARN_CONSTANT_CONVERSION = YES;
				CLANG_WARN_DEPRECATED_OBJC_IMPLEMENTATIONS = YES;
				CLANG_WARN_DIRECT_OBJC_ISA_USAGE = YES_ERROR;
				CLANG_WARN_DOCUMENTATION_COMMENTS = YES;
				CLANG_WARN_EMPTY_BODY = YES;
				CLANG_WARN_ENUM_CONVERSION = YES;
				CLANG_WARN_INFINITE_RECURSION = YES;
				CLANG_WARN_INT_CONVERSION = YES;
				CLANG_WARN_NON_LITERAL_NULL_CONVERSION = YES;
				CLANG_WARN_OBJC_IMPLICIT_RETAIN_SELF = YES;
				CLANG_WARN_OBJC_LITERAL_CONVERSION = YES;
				CLANG_WARN_OBJC_ROOT_CLASS = YES_ERROR;
				CLANG_WARN_RANGE_LOOP_ANALYSIS = YES;
				CLANG_WARN_STRICT_PROTOTYPES = YES;
				CLANG_WARN_SUSPICIOUS_MOVE = YES;
				CLANG_WARN_UNGUARDED_AVAILABILITY = YES_AGGRESSIVE;
				CLANG_WARN_UNREACHABLE_CODE = YES;
				CLANG_WARN__DUPLICATE_METHOD_MATCH = YES;
				COPY_PHASE_STRIP = NO;
				DEBUG_INFORMATION_FORMAT = dwarf;
				ENABLE_STRICT_OBJC_MSGSEND = YES;
				ENABLE_TESTABILITY = YES;
				GCC_C_LANGUAGE_STANDARD = gnu11;
				GCC_DYNAMIC_NO_PIC = NO;
				GCC_NO_COMMON_BLOCKS = YES;
				GCC_OPTIMIZATION_LEVEL = 0;
				GCC_PREPROCESSOR_DEFINITIONS = (
					"DEBUG=1",
					"$(inherited)",
				);
				GCC_WARN_64_TO_32_BIT_CONVERSION = YES;
				GCC_WARN_ABOUT_RETURN_TYPE = YES_ERROR;
				GCC_WARN_UNDECLARED_SELECTOR = YES;
				GCC_WARN_UNINITIALIZED_AUTOS = YES_AGGRESSIVE;
				GCC_WARN_UNUSED_FUNCTION = YES;
				GCC_WARN_UNUSED_VARIABLE = YES;
				IPHONEOS_DEPLOYMENT_TARGET = 13.2;
				MTL_ENABLE_DEBUG_INFO = INCLUDE_SOURCE;
				MTL_FAST_MATH = YES;
				ONLY_ACTIVE_ARCH = YES;
				SDKROOT = iphoneos;
				SWIFT_ACTIVE_COMPILATION_CONDITIONS = DEBUG;
				SWIFT_OPTIMIZATION_LEVEL = "-Onone";
			};
			name = Debug;
		};
		7470CC4524030F4F00A91746 /* Release */ = {
			isa = XCBuildConfiguration;
			buildSettings = {
				ALWAYS_SEARCH_USER_PATHS = NO;
				CLANG_ANALYZER_NONNULL = YES;
				CLANG_ANALYZER_NUMBER_OBJECT_CONVERSION = YES_AGGRESSIVE;
				CLANG_CXX_LANGUAGE_STANDARD = "gnu++14";
				CLANG_CXX_LIBRARY = "libc++";
				CLANG_ENABLE_MODULES = YES;
				CLANG_ENABLE_OBJC_ARC = YES;
				CLANG_ENABLE_OBJC_WEAK = YES;
				CLANG_WARN_BLOCK_CAPTURE_AUTORELEASING = YES;
				CLANG_WARN_BOOL_CONVERSION = YES;
				CLANG_WARN_COMMA = YES;
				CLANG_WARN_CONSTANT_CONVERSION = YES;
				CLANG_WARN_DEPRECATED_OBJC_IMPLEMENTATIONS = YES;
				CLANG_WARN_DIRECT_OBJC_ISA_USAGE = YES_ERROR;
				CLANG_WARN_DOCUMENTATION_COMMENTS = YES;
				CLANG_WARN_EMPTY_BODY = YES;
				CLANG_WARN_ENUM_CONVERSION = YES;
				CLANG_WARN_INFINITE_RECURSION = YES;
				CLANG_WARN_INT_CONVERSION = YES;
				CLANG_WARN_NON_LITERAL_NULL_CONVERSION = YES;
				CLANG_WARN_OBJC_IMPLICIT_RETAIN_SELF = YES;
				CLANG_WARN_OBJC_LITERAL_CONVERSION = YES;
				CLANG_WARN_OBJC_ROOT_CLASS = YES_ERROR;
				CLANG_WARN_RANGE_LOOP_ANALYSIS = YES;
				CLANG_WARN_STRICT_PROTOTYPES = YES;
				CLANG_WARN_SUSPICIOUS_MOVE = YES;
				CLANG_WARN_UNGUARDED_AVAILABILITY = YES_AGGRESSIVE;
				CLANG_WARN_UNREACHABLE_CODE = YES;
				CLANG_WARN__DUPLICATE_METHOD_MATCH = YES;
				COPY_PHASE_STRIP = NO;
				DEBUG_INFORMATION_FORMAT = "dwarf-with-dsym";
				ENABLE_NS_ASSERTIONS = NO;
				ENABLE_STRICT_OBJC_MSGSEND = YES;
				GCC_C_LANGUAGE_STANDARD = gnu11;
				GCC_NO_COMMON_BLOCKS = YES;
				GCC_WARN_64_TO_32_BIT_CONVERSION = YES;
				GCC_WARN_ABOUT_RETURN_TYPE = YES_ERROR;
				GCC_WARN_UNDECLARED_SELECTOR = YES;
				GCC_WARN_UNINITIALIZED_AUTOS = YES_AGGRESSIVE;
				GCC_WARN_UNUSED_FUNCTION = YES;
				GCC_WARN_UNUSED_VARIABLE = YES;
				IPHONEOS_DEPLOYMENT_TARGET = 13.2;
				MTL_ENABLE_DEBUG_INFO = NO;
				MTL_FAST_MATH = YES;
				SDKROOT = iphoneos;
				SWIFT_COMPILATION_MODE = wholemodule;
				SWIFT_OPTIMIZATION_LEVEL = "-O";
				VALIDATE_PRODUCT = YES;
			};
			name = Release;
		};
		7470CC4724030F4F00A91746 /* Debug */ = {
			isa = XCBuildConfiguration;
			baseConfigurationReference = B1E03ED6E19C417A73567EB4 /* Pods-TFInvest.debug.xcconfig */;
			buildSettings = {
				ASSETCATALOG_COMPILER_APPICON_NAME = AppIcon;
				CODE_SIGN_STYLE = Automatic;
				DEVELOPMENT_TEAM = 4GB4E68ZU6;
				INFOPLIST_FILE = TFInvest/Info.plist;
				LD_RUNPATH_SEARCH_PATHS = (
					"$(inherited)",
					"@executable_path/Frameworks",
				);
				PRODUCT_BUNDLE_IDENTIFIER = com.dsgnmike.TFInvest;
				PRODUCT_NAME = "$(TARGET_NAME)";
				SWIFT_VERSION = 5.0;
				TARGETED_DEVICE_FAMILY = "1,2";
			};
			name = Debug;
		};
		7470CC4824030F4F00A91746 /* Release */ = {
			isa = XCBuildConfiguration;
			baseConfigurationReference = 7C8184AD9BC46E9D617937E3 /* Pods-TFInvest.release.xcconfig */;
			buildSettings = {
				ASSETCATALOG_COMPILER_APPICON_NAME = AppIcon;
				CODE_SIGN_STYLE = Automatic;
				DEVELOPMENT_TEAM = 4GB4E68ZU6;
				INFOPLIST_FILE = TFInvest/Info.plist;
				LD_RUNPATH_SEARCH_PATHS = (
					"$(inherited)",
					"@executable_path/Frameworks",
				);
				PRODUCT_BUNDLE_IDENTIFIER = com.dsgnmike.TFInvest;
				PRODUCT_NAME = "$(TARGET_NAME)";
				SWIFT_VERSION = 5.0;
				TARGETED_DEVICE_FAMILY = "1,2";
			};
			name = Release;
		};
/* End XCBuildConfiguration section */

/* Begin XCConfigurationList section */
		7470CC2D24030F4E00A91746 /* Build configuration list for PBXProject "TFInvest" */ = {
			isa = XCConfigurationList;
			buildConfigurations = (
				7470CC4424030F4F00A91746 /* Debug */,
				7470CC4524030F4F00A91746 /* Release */,
			);
			defaultConfigurationIsVisible = 0;
			defaultConfigurationName = Release;
		};
		7470CC4624030F4F00A91746 /* Build configuration list for PBXNativeTarget "TFInvest" */ = {
			isa = XCConfigurationList;
			buildConfigurations = (
				7470CC4724030F4F00A91746 /* Debug */,
				7470CC4824030F4F00A91746 /* Release */,
			);
			defaultConfigurationIsVisible = 0;
			defaultConfigurationName = Release;
		};
/* End XCConfigurationList section */
	};
	rootObject = 7470CC2A24030F4E00A91746 /* Project object */;
}
