PODS:
  - Assembly (0.0.1):
    - Authorization
    - Base
  - Authorization (0.0.1):
    - Base
    - R.swift
  - Base (0.0.1)
  - Core (0.0.1):
    - R.swift
  - R.swift (5.1.0):
    - R.swift.Library (~> 5.1.0)
  - R.swift.Library (5.1.0)
  - Services (0.0.1):
    - Base
  - Stock (0.0.1):
    - Base
    - R.swift
  - SwiftLint (0.39.1)

DEPENDENCIES:
  - Assembly (from `Frameworks/Assembly/`)
  - Authorization (from `Frameworks/Authorization/`)
  - Base (from `Frameworks/Base/`)
  - Core (from `Frameworks/Core/`)
  - R.swift
  - Services (from `Frameworks/Services/`)
  - Stock (from `Frameworks/Stock/`)
  - SwiftLint

SPEC REPOS:
  trunk:
    - R.swift
    - R.swift.Library
    - SwiftLint

EXTERNAL SOURCES:
  Assembly:
    :path: Frameworks/Assembly/
  Authorization:
    :path: Frameworks/Authorization/
  Base:
    :path: Frameworks/Base/
  Core:
    :path: Frameworks/Core/
  Services:
    :path: Frameworks/Services/
  Stock:
    :path: Frameworks/Stock/

SPEC CHECKSUMS:
  Assembly: 841d33138f24d143e7c0725a482f332beaa43cb8
  Authorization: 7d7aab2867befebe51e0e3f2d280e96835b6c18c
  Base: 8cf420445aa9a2cbcce0a16f27d8601a64d117eb
  Core: fd16d80097c3da0d5c94095c920cc1c9b2673750
  R.swift: 8cbc4fc69b740305b6a17c8a8ed968eb788962d9
  R.swift.Library: fa85ce1e0d0b7e818cd9e080df910ba54d2776cc
  Services: dabe41f51e5821b82ca342286e4acdfc820306be
  Stock: b273456e2643b68b3f452ecfc8d69b3d83123c81
  SwiftLint: 55e96a4a4d537d4a3156859fc1c54bd24851a046

PODFILE CHECKSUM: 7ae588d146bc1bbb245e36bcd71d2bf3660a26a1

COCOAPODS: 1.9.0
