PODS:
  - Assembly (0.0.1):
    - Authorization
    - Base
  - Authorization (0.0.1):
    - Base
    - News
    - R.swift
    - Stock
  - Base (0.0.1)
  - Core (0.0.1):
    - Base
    - R.swift
  - Kingfisher/Core (5.13.2)
  - Kingfisher/SwiftUI (5.13.2):
    - Kingfisher/Core
  - News (0.0.1):
    - Kingfisher/SwiftUI
    - R.swift
  - R.swift (5.1.0):
    - R.swift.Library (~> 5.1.0)
  - R.swift.Library (5.1.0)
  - Services (0.0.1):
    - Base
    - Core
  - Stock (0.0.1):
    - Base
    - R.swift
    - Services
  - SwiftLint (0.39.1)

DEPENDENCIES:
  - Assembly (from `Frameworks/Assembly/`)
  - Authorization (from `Frameworks/Authorization/`)
  - Base (from `Frameworks/Base/`)
  - Core (from `Frameworks/Core/`)
  - Kingfisher/SwiftUI
  - News (from `Frameworks/News/`)
  - R.swift
  - Services (from `Frameworks/Services/`)
  - Stock (from `Frameworks/Stock/`)
  - SwiftLint

SPEC REPOS:
  trunk:
    - Kingfisher
    - R.swift
    - R.swift.Library
    - SwiftLint

EXTERNAL SOURCES:
  Assembly:
    :path: Frameworks/Assembly/
  Authorization:
    :path: Frameworks/Authorization/
  Base:
    :path: Frameworks/Base/
  Core:
    :path: Frameworks/Core/
  News:
    :path: Frameworks/News/
  Services:
    :path: Frameworks/Services/
  Stock:
    :path: Frameworks/Stock/

SPEC CHECKSUMS:
  Assembly: 841d33138f24d143e7c0725a482f332beaa43cb8
  Authorization: 6da2bc3294a238d1bb2a8ff7c08739403ac0b014
  Base: 8cf420445aa9a2cbcce0a16f27d8601a64d117eb
  Core: 6c864b31dec831237e5ec4446e54eb56a0e55379
  Kingfisher: d342c8354c10c3d85a27d6d4c42c41285924b898
  News: 92d9577d42d3f872c98573bfd614222e7cfea7d7
  R.swift: 8cbc4fc69b740305b6a17c8a8ed968eb788962d9
  R.swift.Library: fa85ce1e0d0b7e818cd9e080df910ba54d2776cc
  Services: 8a0cd57c3e17a23ea94911e305a0c3a65e10efb9
  Stock: 964f2e92c20c165bbe4b08f1eb103a14252c880b
  SwiftLint: 55e96a4a4d537d4a3156859fc1c54bd24851a046

PODFILE CHECKSUM: c46d6a73ffd87150f84160f6a8b64bee531f935c

COCOAPODS: 1.9.0
